{
    "name": "email-app",
    "version": "1.0.0",
    "lockfileVersion": 2,
    "dependencies": {
      "express": {
        "version": "4.18.2",
        "resolved": "https://registry.npmjs.org/express/-/express-4.18.2.tgz",
        "integrity": "sha512-3oMA6RCUdzGgslHVKX8M8p5IjU6mCDxM3P0nCdR1vNV5W9W5U4fVz2lFoQ9yP5jwvG1fwIHQ5lGgnC/z/Tt6g==",
        "engines": {
          "node": ">= 6.0.0"
        }
      },
      "express-session": {
        "version": "1.17.3",
        "resolved": "https://registry.npmjs.org/express-session/-/express-session-1.17.3.tgz",
        "integrity": "sha512-9DrG3VE3wmxjL4C6dV8WzH43x8ZAs5iBNSsIuJ8q7To29uJ9HLyzx1i8vNZW0sXjEk/fDAzZ4qI0F2ekxf+Og==",
        "engines": {
          "node": ">= 0.6.0"
        }
      },
      "ejs": {
        "version": "3.1.9",
        "resolved": "https://registry.npmjs.org/ejs/-/ejs-3.1.9.tgz",
        "integrity": "sha512-Ai6SEkTzRkP+vO36C2lYTbwxei7tTi9InVJ8w1fTkOmX8ol6LkEYUnAVU7UKZj6kXwGWpM9xAKzZ7xUM7RxjOQ==",
        "engines": {
          "node": ">= 10.12.0"
        }
      },
      "uuid": {
        "version": "9.0.0",
        "resolved": "https://registry.npmjs.org/uuid/-/uuid-9.0.0.tgz",
        "integrity": "sha512-9XAVP8k7FcxJ1ZsO1v0U03phZmr6XeIhItpj8ST3SOtYOz4DQ7ROmYPUf7KL0Py58vE/fvFl9ub/zZ0Qm0nFkA==",
        "engines": {
          "node": ">= 6.0.0"
        }
      }
    }
  }
  